// !$*UTF8*$!
{
	archiveVersion = 1;
	classes = {
	};
	objectVersion = 52;
	objects = {

/* Begin PBXBuildFile section */
		60213F46260A1CA00060091B /* SpeedRoommatingEvent.swift in Sources */ = {isa = PBXBuildFile; fileRef = 60DE47BA2607F75F00FC3E5B /* SpeedRoommatingEvent.swift */; };
		60213F49260A2C960060091B /* ImgixSwift in Frameworks */ = {isa = PBXBuildFile; productRef = 60213F48260A2C960060091B /* ImgixSwift */; };
		60213F4C260A864E0060091B /* IViewableEvent.swift in Sources */ = {isa = PBXBuildFile; fileRef = 60213F4B260A864D0060091B /* IViewableEvent.swift */; };
		60213F50260A92C40060091B /* ViewableEvent.swift in Sources */ = {isa = PBXBuildFile; fileRef = 60213F4F260A92C40060091B /* ViewableEvent.swift */; };
		60213F55260A966F0060091B /* ICdnUrlProvider.swift in Sources */ = {isa = PBXBuildFile; fileRef = 60213F54260A966F0060091B /* ICdnUrlProvider.swift */; };
		60213F58260A96E30060091B /* ImgxUrlProvider.swift in Sources */ = {isa = PBXBuildFile; fileRef = 60213F57260A96E30060091B /* ImgxUrlProvider.swift */; };
		60213F5A260A98250060091B /* Config.swift in Sources */ = {isa = PBXBuildFile; fileRef = 60213F59260A98250060091B /* Config.swift */; };
		60213F60260AA8050060091B /* ViewableEventTests.swift in Sources */ = {isa = PBXBuildFile; fileRef = 60213F5F260AA8050060091B /* ViewableEventTests.swift */; };
		60213F66260AB9AF0060091B /* EventTableViewDataSource.swift in Sources */ = {isa = PBXBuildFile; fileRef = 60213F65260AB9AF0060091B /* EventTableViewDataSource.swift */; };
		60213F6A260ABDA70060091B /* IEventTableDataSource.swift in Sources */ = {isa = PBXBuildFile; fileRef = 60213F69260ABDA70060091B /* IEventTableDataSource.swift */; };
		60213F6E260AC3420060091B /* EventTableDataSourceTests.swift in Sources */ = {isa = PBXBuildFile; fileRef = 60213F6D260AC3420060091B /* EventTableDataSourceTests.swift */; };
		60213F70260D61580060091B /* MockSpeedRoommatingEventProvider.swift in Sources */ = {isa = PBXBuildFile; fileRef = 60213F6F260D61580060091B /* MockSpeedRoommatingEventProvider.swift */; };
		60213F73260D65B60060091B /* MockImageProviderTests.swift in Sources */ = {isa = PBXBuildFile; fileRef = 60213F72260D65B60060091B /* MockImageProviderTests.swift */; };
		60213F79260D709A0060091B /* IEventTableViewCell.swift in Sources */ = {isa = PBXBuildFile; fileRef = 60213F78260D709A0060091B /* IEventTableViewCell.swift */; };
		60213F7B260D861E0060091B /* IEventTableHeaderView.swift in Sources */ = {isa = PBXBuildFile; fileRef = 60213F7A260D861E0060091B /* IEventTableHeaderView.swift */; };
		60213F7D260D86730060091B /* EventTableHeaderView.swift in Sources */ = {isa = PBXBuildFile; fileRef = 60213F7C260D86730060091B /* EventTableHeaderView.swift */; };
		6027E0DE2603E6C5008FE8A4 /* AppDelegate.swift in Sources */ = {isa = PBXBuildFile; fileRef = 6027E0DD2603E6C5008FE8A4 /* AppDelegate.swift */; };
		6027E0E02603E6C5008FE8A4 /* SceneDelegate.swift in Sources */ = {isa = PBXBuildFile; fileRef = 6027E0DF2603E6C5008FE8A4 /* SceneDelegate.swift */; };
		6027E0E52603E6C5008FE8A4 /* Main.storyboard in Resources */ = {isa = PBXBuildFile; fileRef = 6027E0E32603E6C5008FE8A4 /* Main.storyboard */; };
		6027E0E72603E6C7008FE8A4 /* Assets.xcassets in Resources */ = {isa = PBXBuildFile; fileRef = 6027E0E62603E6C7008FE8A4 /* Assets.xcassets */; };
		6027E0EA2603E6C7008FE8A4 /* LaunchScreen.storyboard in Resources */ = {isa = PBXBuildFile; fileRef = 6027E0E82603E6C7008FE8A4 /* LaunchScreen.storyboard */; };
		6027E0F52603E6C8008FE8A4 /* SpeedRoommatingTests.swift in Sources */ = {isa = PBXBuildFile; fileRef = 6027E0F42603E6C8008FE8A4 /* SpeedRoommatingTests.swift */; };
		6027E1002603E6C8008FE8A4 /* SpeedRoommatingUITests.swift in Sources */ = {isa = PBXBuildFile; fileRef = 6027E0FF2603E6C8008FE8A4 /* SpeedRoommatingUITests.swift */; };
		603F09FD260F587700CB6E7E /* IEventTableViewErrorCell.swift in Sources */ = {isa = PBXBuildFile; fileRef = 603F09FC260F587700CB6E7E /* IEventTableViewErrorCell.swift */; };
		603F09FF260F59A100CB6E7E /* EventTableViewErrorCell.swift in Sources */ = {isa = PBXBuildFile; fileRef = 603F09FE260F59A100CB6E7E /* EventTableViewErrorCell.swift */; };
		603F0A00260F8FA100CB6E7E /* EventListsViewController.swift in Sources */ = {isa = PBXBuildFile; fileRef = 6027E0E12603E6C5008FE8A4 /* EventListsViewController.swift */; };
		6047C9DA260F990E0026E610 /* OptionsViewController.swift in Sources */ = {isa = PBXBuildFile; fileRef = 6047C9D9260F990E0026E610 /* OptionsViewController.swift */; };
		604D16AB260E77BB00C5406A /* SpeedRoommatingTabView.swift in Sources */ = {isa = PBXBuildFile; fileRef = 604D16AA260E77BB00C5406A /* SpeedRoommatingTabView.swift */; };
		60587DEB26066F9B00A41C2E /* Kingfisher in Frameworks */ = {isa = PBXBuildFile; productRef = 60587DEA26066F9B00A41C2E /* Kingfisher */; };
		60587DEE260670AF00A41C2E /* KingfisherImageProvider.swift in Sources */ = {isa = PBXBuildFile; fileRef = 60587DED260670AF00A41C2E /* KingfisherImageProvider.swift */; };
		60587DF12606734400A41C2E /* IImageProvider.swift in Sources */ = {isa = PBXBuildFile; fileRef = 60587DF02606734400A41C2E /* IImageProvider.swift */; };
		60587DF426067B0400A41C2E /* KingfisherImageProviderTests.swift in Sources */ = {isa = PBXBuildFile; fileRef = 60587DF326067B0400A41C2E /* KingfisherImageProviderTests.swift */; };
		606BA85726068C100063250A /* EventTableViewCell.xib in Resources */ = {isa = PBXBuildFile; fileRef = 606BA85626068C100063250A /* EventTableViewCell.xib */; };
		606BA85926068CAE0063250A /* EventTableViewCell.swift in Sources */ = {isa = PBXBuildFile; fileRef = 606BA85826068CAE0063250A /* EventTableViewCell.swift */; };
		609B96F9260774C800E96AFF /* ISpeedRoommatingEventProvider.swift in Sources */ = {isa = PBXBuildFile; fileRef = 609B96F8260774C800E96AFF /* ISpeedRoommatingEventProvider.swift */; };
		60DE47B72607F63F00FC3E5B /* ISpeedRoommatingEvent.swift in Sources */ = {isa = PBXBuildFile; fileRef = 60DE47B62607F63F00FC3E5B /* ISpeedRoommatingEvent.swift */; };
		60DE47BD2607FB8000FC3E5B /* SpeedRoommatingEventRepository in Frameworks */ = {isa = PBXBuildFile; productRef = 60DE47BC2607FB8000FC3E5B /* SpeedRoommatingEventRepository */; };
		60DE47C02607FBBF00FC3E5B /* RoommatingEventProvider.swift in Sources */ = {isa = PBXBuildFile; fileRef = 60DE47BF2607FBBF00FC3E5B /* RoommatingEventProvider.swift */; };
		60E0FC0D260695B60022F25C /* TransluscentRoundedLabel.swift in Sources */ = {isa = PBXBuildFile; fileRef = 60E0FC0C260695B60022F25C /* TransluscentRoundedLabel.swift */; };
		60E0FC1026069D380022F25C /* EventListTableViewController.swift in Sources */ = {isa = PBXBuildFile; fileRef = 60E0FC0F26069D380022F25C /* EventListTableViewController.swift */; };
/* End PBXBuildFile section */

/* Begin PBXContainerItemProxy section */
		6027E0F12603E6C8008FE8A4 /* PBXContainerItemProxy */ = {
			isa = PBXContainerItemProxy;
			containerPortal = 6027E0D22603E6C5008FE8A4 /* Project object */;
			proxyType = 1;
			remoteGlobalIDString = 6027E0D92603E6C5008FE8A4;
			remoteInfo = SpeedRoommating;
		};
		6027E0FC2603E6C8008FE8A4 /* PBXContainerItemProxy */ = {
			isa = PBXContainerItemProxy;
			containerPortal = 6027E0D22603E6C5008FE8A4 /* Project object */;
			proxyType = 1;
			remoteGlobalIDString = 6027E0D92603E6C5008FE8A4;
			remoteInfo = SpeedRoommating;
		};
/* End PBXContainerItemProxy section */

/* Begin PBXFileReference section */
		60213F4B260A864D0060091B /* IViewableEvent.swift */ = {isa = PBXFileReference; lastKnownFileType = sourcecode.swift; path = IViewableEvent.swift; sourceTree = "<group>"; };
		60213F4F260A92C40060091B /* ViewableEvent.swift */ = {isa = PBXFileReference; lastKnownFileType = sourcecode.swift; path = ViewableEvent.swift; sourceTree = "<group>"; };
		60213F54260A966F0060091B /* ICdnUrlProvider.swift */ = {isa = PBXFileReference; lastKnownFileType = sourcecode.swift; path = ICdnUrlProvider.swift; sourceTree = "<group>"; };
		60213F57260A96E30060091B /* ImgxUrlProvider.swift */ = {isa = PBXFileReference; lastKnownFileType = sourcecode.swift; path = ImgxUrlProvider.swift; sourceTree = "<group>"; };
		60213F59260A98250060091B /* Config.swift */ = {isa = PBXFileReference; lastKnownFileType = sourcecode.swift; path = Config.swift; sourceTree = "<group>"; };
		60213F5F260AA8050060091B /* ViewableEventTests.swift */ = {isa = PBXFileReference; lastKnownFileType = sourcecode.swift; path = ViewableEventTests.swift; sourceTree = "<group>"; };
		60213F65260AB9AF0060091B /* EventTableViewDataSource.swift */ = {isa = PBXFileReference; lastKnownFileType = sourcecode.swift; path = EventTableViewDataSource.swift; sourceTree = "<group>"; };
		60213F69260ABDA70060091B /* IEventTableDataSource.swift */ = {isa = PBXFileReference; lastKnownFileType = sourcecode.swift; path = IEventTableDataSource.swift; sourceTree = "<group>"; };
		60213F6D260AC3420060091B /* EventTableDataSourceTests.swift */ = {isa = PBXFileReference; lastKnownFileType = sourcecode.swift; path = EventTableDataSourceTests.swift; sourceTree = "<group>"; };
		60213F6F260D61580060091B /* MockSpeedRoommatingEventProvider.swift */ = {isa = PBXFileReference; lastKnownFileType = sourcecode.swift; path = MockSpeedRoommatingEventProvider.swift; sourceTree = "<group>"; };
		60213F72260D65B60060091B /* MockImageProviderTests.swift */ = {isa = PBXFileReference; lastKnownFileType = sourcecode.swift; path = MockImageProviderTests.swift; sourceTree = "<group>"; };
		60213F78260D709A0060091B /* IEventTableViewCell.swift */ = {isa = PBXFileReference; lastKnownFileType = sourcecode.swift; path = IEventTableViewCell.swift; sourceTree = "<group>"; };
		60213F7A260D861E0060091B /* IEventTableHeaderView.swift */ = {isa = PBXFileReference; lastKnownFileType = sourcecode.swift; path = IEventTableHeaderView.swift; sourceTree = "<group>"; };
		60213F7C260D86730060091B /* EventTableHeaderView.swift */ = {isa = PBXFileReference; lastKnownFileType = sourcecode.swift; path = EventTableHeaderView.swift; sourceTree = "<group>"; };
		6027E0DA2603E6C5008FE8A4 /* SpeedRoommating.app */ = {isa = PBXFileReference; explicitFileType = wrapper.application; includeInIndex = 0; path = SpeedRoommating.app; sourceTree = BUILT_PRODUCTS_DIR; };
		6027E0DD2603E6C5008FE8A4 /* AppDelegate.swift */ = {isa = PBXFileReference; lastKnownFileType = sourcecode.swift; path = AppDelegate.swift; sourceTree = "<group>"; };
		6027E0DF2603E6C5008FE8A4 /* SceneDelegate.swift */ = {isa = PBXFileReference; lastKnownFileType = sourcecode.swift; path = SceneDelegate.swift; sourceTree = "<group>"; };
		6027E0E12603E6C5008FE8A4 /* EventListsViewController.swift */ = {isa = PBXFileReference; lastKnownFileType = sourcecode.swift; path = EventListsViewController.swift; sourceTree = "<group>"; };
		6027E0E42603E6C5008FE8A4 /* Base */ = {isa = PBXFileReference; lastKnownFileType = file.storyboard; name = Base; path = Base.lproj/Main.storyboard; sourceTree = "<group>"; };
		6027E0E62603E6C7008FE8A4 /* Assets.xcassets */ = {isa = PBXFileReference; lastKnownFileType = folder.assetcatalog; path = Assets.xcassets; sourceTree = "<group>"; };
		6027E0E92603E6C7008FE8A4 /* Base */ = {isa = PBXFileReference; lastKnownFileType = file.storyboard; name = Base; path = Base.lproj/LaunchScreen.storyboard; sourceTree = "<group>"; };
		6027E0EB2603E6C7008FE8A4 /* Info.plist */ = {isa = PBXFileReference; lastKnownFileType = text.plist.xml; path = Info.plist; sourceTree = "<group>"; };
		6027E0F02603E6C8008FE8A4 /* SpeedRoommatingTests.xctest */ = {isa = PBXFileReference; explicitFileType = wrapper.cfbundle; includeInIndex = 0; path = SpeedRoommatingTests.xctest; sourceTree = BUILT_PRODUCTS_DIR; };
		6027E0F42603E6C8008FE8A4 /* SpeedRoommatingTests.swift */ = {isa = PBXFileReference; lastKnownFileType = sourcecode.swift; path = SpeedRoommatingTests.swift; sourceTree = "<group>"; };
		6027E0F62603E6C8008FE8A4 /* Info.plist */ = {isa = PBXFileReference; lastKnownFileType = text.plist.xml; path = Info.plist; sourceTree = "<group>"; };
		6027E0FB2603E6C8008FE8A4 /* SpeedRoommatingUITests.xctest */ = {isa = PBXFileReference; explicitFileType = wrapper.cfbundle; includeInIndex = 0; path = SpeedRoommatingUITests.xctest; sourceTree = BUILT_PRODUCTS_DIR; };
		6027E0FF2603E6C8008FE8A4 /* SpeedRoommatingUITests.swift */ = {isa = PBXFileReference; lastKnownFileType = sourcecode.swift; path = SpeedRoommatingUITests.swift; sourceTree = "<group>"; };
		6027E1012603E6C8008FE8A4 /* Info.plist */ = {isa = PBXFileReference; lastKnownFileType = text.plist.xml; path = Info.plist; sourceTree = "<group>"; };
		603F09FC260F587700CB6E7E /* IEventTableViewErrorCell.swift */ = {isa = PBXFileReference; lastKnownFileType = sourcecode.swift; path = IEventTableViewErrorCell.swift; sourceTree = "<group>"; };
		603F09FE260F59A100CB6E7E /* EventTableViewErrorCell.swift */ = {isa = PBXFileReference; lastKnownFileType = sourcecode.swift; path = EventTableViewErrorCell.swift; sourceTree = "<group>"; };
		6047C9D9260F990E0026E610 /* OptionsViewController.swift */ = {isa = PBXFileReference; lastKnownFileType = sourcecode.swift; path = OptionsViewController.swift; sourceTree = "<group>"; };
		604D16AA260E77BB00C5406A /* SpeedRoommatingTabView.swift */ = {isa = PBXFileReference; lastKnownFileType = sourcecode.swift; path = SpeedRoommatingTabView.swift; sourceTree = "<group>"; };
		60587DED260670AF00A41C2E /* KingfisherImageProvider.swift */ = {isa = PBXFileReference; lastKnownFileType = sourcecode.swift; path = KingfisherImageProvider.swift; sourceTree = "<group>"; };
		60587DF02606734400A41C2E /* IImageProvider.swift */ = {isa = PBXFileReference; lastKnownFileType = sourcecode.swift; path = IImageProvider.swift; sourceTree = "<group>"; };
		60587DF326067B0400A41C2E /* KingfisherImageProviderTests.swift */ = {isa = PBXFileReference; lastKnownFileType = sourcecode.swift; path = KingfisherImageProviderTests.swift; sourceTree = "<group>"; };
		606BA85626068C100063250A /* EventTableViewCell.xib */ = {isa = PBXFileReference; lastKnownFileType = file.xib; path = EventTableViewCell.xib; sourceTree = "<group>"; };
		606BA85826068CAE0063250A /* EventTableViewCell.swift */ = {isa = PBXFileReference; lastKnownFileType = sourcecode.swift; path = EventTableViewCell.swift; sourceTree = "<group>"; };
		6097B9C62606908400BDBE1C /* SFCompactDisplay-Regular.otf */ = {isa = PBXFileReference; lastKnownFileType = file; path = "SFCompactDisplay-Regular.otf"; sourceTree = "<group>"; };
		6097B9C72606908400BDBE1C /* SFCompactDisplay-Medium.otf */ = {isa = PBXFileReference; lastKnownFileType = file; path = "SFCompactDisplay-Medium.otf"; sourceTree = "<group>"; };
		609B96F8260774C800E96AFF /* ISpeedRoommatingEventProvider.swift */ = {isa = PBXFileReference; lastKnownFileType = sourcecode.swift; path = ISpeedRoommatingEventProvider.swift; sourceTree = "<group>"; };
		60DE47B62607F63F00FC3E5B /* ISpeedRoommatingEvent.swift */ = {isa = PBXFileReference; lastKnownFileType = sourcecode.swift; path = ISpeedRoommatingEvent.swift; sourceTree = "<group>"; };
		60DE47BA2607F75F00FC3E5B /* SpeedRoommatingEvent.swift */ = {isa = PBXFileReference; lastKnownFileType = sourcecode.swift; path = SpeedRoommatingEvent.swift; sourceTree = "<group>"; };
		60DE47BF2607FBBF00FC3E5B /* RoommatingEventProvider.swift */ = {isa = PBXFileReference; lastKnownFileType = sourcecode.swift; path = RoommatingEventProvider.swift; sourceTree = "<group>"; };
		60E0FC0C260695B60022F25C /* TransluscentRoundedLabel.swift */ = {isa = PBXFileReference; lastKnownFileType = sourcecode.swift; path = TransluscentRoundedLabel.swift; sourceTree = "<group>"; };
		60E0FC0F26069D380022F25C /* EventListTableViewController.swift */ = {isa = PBXFileReference; lastKnownFileType = sourcecode.swift; path = EventListTableViewController.swift; sourceTree = "<group>"; };
/* End PBXFileReference section */

/* Begin PBXFrameworksBuildPhase section */
		6027E0D72603E6C5008FE8A4 /* Frameworks */ = {
			isa = PBXFrameworksBuildPhase;
			buildActionMask = 2147483647;
			files = (
				60DE47BD2607FB8000FC3E5B /* SpeedRoommatingEventRepository in Frameworks */,
				60587DEB26066F9B00A41C2E /* Kingfisher in Frameworks */,
				60213F49260A2C960060091B /* ImgixSwift in Frameworks */,
			);
			runOnlyForDeploymentPostprocessing = 0;
		};
		6027E0ED2603E6C8008FE8A4 /* Frameworks */ = {
			isa = PBXFrameworksBuildPhase;
			buildActionMask = 2147483647;
			files = (
			);
			runOnlyForDeploymentPostprocessing = 0;
		};
		6027E0F82603E6C8008FE8A4 /* Frameworks */ = {
			isa = PBXFrameworksBuildPhase;
			buildActionMask = 2147483647;
			files = (
			);
			runOnlyForDeploymentPostprocessing = 0;
		};
/* End PBXFrameworksBuildPhase section */

/* Begin PBXGroup section */
		60213F4A260A86260060091B /* ViewModel */ = {
			isa = PBXGroup;
			children = (
				60213F51260A96240060091B /* CdnUrlProvider */,
				60213F5E260AA7C90060091B /* DataDecorators */,
				60213F64260AB9770060091B /* EventTableDataSource */,
				60587DEC2606706C00A41C2E /* ImageProvider */,
			);
			path = ViewModel;
			sourceTree = "<group>";
		};
		60213F4D260A929E0060091B /* Interface */ = {
			isa = PBXGroup;
			children = (
				60213F4B260A864D0060091B /* IViewableEvent.swift */,
			);
			path = Interface;
			sourceTree = "<group>";
		};
		60213F4E260A92AA0060091B /* Implementation */ = {
			isa = PBXGroup;
			children = (
				60213F4F260A92C40060091B /* ViewableEvent.swift */,
			);
			path = Implementation;
			sourceTree = "<group>";
		};
		60213F51260A96240060091B /* CdnUrlProvider */ = {
			isa = PBXGroup;
			children = (
				60213F52260A96500060091B /* Interface */,
				60213F53260A96580060091B /* Implementation */,
			);
			path = CdnUrlProvider;
			sourceTree = "<group>";
		};
		60213F52260A96500060091B /* Interface */ = {
			isa = PBXGroup;
			children = (
				60213F54260A966F0060091B /* ICdnUrlProvider.swift */,
			);
			path = Interface;
			sourceTree = "<group>";
		};
		60213F53260A96580060091B /* Implementation */ = {
			isa = PBXGroup;
			children = (
				60213F57260A96E30060091B /* ImgxUrlProvider.swift */,
			);
			path = Implementation;
			sourceTree = "<group>";
		};
		60213F5B260AA7660060091B /* ViewModel */ = {
			isa = PBXGroup;
			children = (
				60213F61260AA8410060091B /* Mocks */,
				60213F6C260AC3020060091B /* EventDataSource */,
				60587DF226067ACE00A41C2E /* ImageProvider */,
				60213F5D260AA7960060091B /* ViewableEvent */,
			);
			path = ViewModel;
			sourceTree = "<group>";
		};
		60213F5D260AA7960060091B /* ViewableEvent */ = {
			isa = PBXGroup;
			children = (
				60213F5F260AA8050060091B /* ViewableEventTests.swift */,
			);
			path = ViewableEvent;
			sourceTree = "<group>";
		};
		60213F5E260AA7C90060091B /* DataDecorators */ = {
			isa = PBXGroup;
			children = (
				60213F4D260A929E0060091B /* Interface */,
				60213F4E260A92AA0060091B /* Implementation */,
			);
			path = DataDecorators;
			sourceTree = "<group>";
		};
		60213F61260AA8410060091B /* Mocks */ = {
			isa = PBXGroup;
			children = (
				60213F6F260D61580060091B /* MockSpeedRoommatingEventProvider.swift */,
				60213F72260D65B60060091B /* MockImageProviderTests.swift */,
			);
			path = Mocks;
			sourceTree = "<group>";
		};
		60213F64260AB9770060091B /* EventTableDataSource */ = {
			isa = PBXGroup;
			children = (
				60213F67260ABD8C0060091B /* Interface */,
				60213F68260ABD930060091B /* Implementation */,
			);
			path = EventTableDataSource;
			sourceTree = "<group>";
		};
		60213F67260ABD8C0060091B /* Interface */ = {
			isa = PBXGroup;
			children = (
				60213F69260ABDA70060091B /* IEventTableDataSource.swift */,
			);
			path = Interface;
			sourceTree = "<group>";
		};
		60213F68260ABD930060091B /* Implementation */ = {
			isa = PBXGroup;
			children = (
				60213F65260AB9AF0060091B /* EventTableViewDataSource.swift */,
			);
			path = Implementation;
			sourceTree = "<group>";
		};
		60213F6B260AC28C0060091B /* SpeedRoommatingEvent */ = {
			isa = PBXGroup;
			children = (
				60DE47B92607F75800FC3E5B /* Implementation */,
				60DE47B82607F74B00FC3E5B /* Interface */,
			);
			path = SpeedRoommatingEvent;
			sourceTree = "<group>";
		};
		60213F6C260AC3020060091B /* EventDataSource */ = {
			isa = PBXGroup;
			children = (
				60213F6D260AC3420060091B /* EventTableDataSourceTests.swift */,
			);
			path = EventDataSource;
			sourceTree = "<group>";
		};
		60213F76260D70690060091B /* Interface */ = {
			isa = PBXGroup;
			children = (
				60213F7A260D861E0060091B /* IEventTableHeaderView.swift */,
				60213F78260D709A0060091B /* IEventTableViewCell.swift */,
				603F09FC260F587700CB6E7E /* IEventTableViewErrorCell.swift */,
			);
			path = Interface;
			sourceTree = "<group>";
		};
		60213F77260D70710060091B /* Implementation */ = {
			isa = PBXGroup;
			children = (
				60213F7C260D86730060091B /* EventTableHeaderView.swift */,
				606BA85826068CAE0063250A /* EventTableViewCell.swift */,
				603F09FE260F59A100CB6E7E /* EventTableViewErrorCell.swift */,
				604D16AA260E77BB00C5406A /* SpeedRoommatingTabView.swift */,
				60E0FC0C260695B60022F25C /* TransluscentRoundedLabel.swift */,
			);
			path = Implementation;
			sourceTree = "<group>";
		};
		6027E0D12603E6C5008FE8A4 = {
			isa = PBXGroup;
			children = (
				6027E0DC2603E6C5008FE8A4 /* SpeedRoommating */,
				6027E0F32603E6C8008FE8A4 /* SpeedRoommatingTests */,
				6027E0FE2603E6C8008FE8A4 /* SpeedRoommatingUITests */,
				6027E0DB2603E6C5008FE8A4 /* Products */,
			);
			sourceTree = "<group>";
		};
		6027E0DB2603E6C5008FE8A4 /* Products */ = {
			isa = PBXGroup;
			children = (
				6027E0DA2603E6C5008FE8A4 /* SpeedRoommating.app */,
				6027E0F02603E6C8008FE8A4 /* SpeedRoommatingTests.xctest */,
				6027E0FB2603E6C8008FE8A4 /* SpeedRoommatingUITests.xctest */,
			);
			name = Products;
			sourceTree = "<group>";
		};
		6027E0DC2603E6C5008FE8A4 /* SpeedRoommating */ = {
			isa = PBXGroup;
			children = (
				60213F59260A98250060091B /* Config.swift */,
				60DE47B52607F62A00FC3E5B /* DataModel */,
				60213F4A260A86260060091B /* ViewModel */,
				606BA85426068BC30063250A /* View */,
				60E0FC0E26069D110022F25C /* ViewController */,
				6027E0DD2603E6C5008FE8A4 /* AppDelegate.swift */,
				6027E0DF2603E6C5008FE8A4 /* SceneDelegate.swift */,
				6027E0E32603E6C5008FE8A4 /* Main.storyboard */,
				6027E0E62603E6C7008FE8A4 /* Assets.xcassets */,
				6027E0E82603E6C7008FE8A4 /* LaunchScreen.storyboard */,
				6027E0EB2603E6C7008FE8A4 /* Info.plist */,
				6097B9C52606906F00BDBE1C /* fonts */,
			);
			path = SpeedRoommating;
			sourceTree = "<group>";
		};
		6027E0F32603E6C8008FE8A4 /* SpeedRoommatingTests */ = {
			isa = PBXGroup;
			children = (
				60213F5B260AA7660060091B /* ViewModel */,
				6027E0F42603E6C8008FE8A4 /* SpeedRoommatingTests.swift */,
				6027E0F62603E6C8008FE8A4 /* Info.plist */,
			);
			path = SpeedRoommatingTests;
			sourceTree = "<group>";
		};
		6027E0FE2603E6C8008FE8A4 /* SpeedRoommatingUITests */ = {
			isa = PBXGroup;
			children = (
				6027E0FF2603E6C8008FE8A4 /* SpeedRoommatingUITests.swift */,
				6027E1012603E6C8008FE8A4 /* Info.plist */,
			);
			path = SpeedRoommatingUITests;
			sourceTree = "<group>";
		};
		60587DEC2606706C00A41C2E /* ImageProvider */ = {
			isa = PBXGroup;
			children = (
				60587DEF2606733200A41C2E /* Interface */,
				606BA85326068B7A0063250A /* Implementation */,
			);
			path = ImageProvider;
			sourceTree = "<group>";
		};
		60587DEF2606733200A41C2E /* Interface */ = {
			isa = PBXGroup;
			children = (
				60587DF02606734400A41C2E /* IImageProvider.swift */,
			);
			path = Interface;
			sourceTree = "<group>";
		};
		60587DF226067ACE00A41C2E /* ImageProvider */ = {
			isa = PBXGroup;
			children = (
				60587DF326067B0400A41C2E /* KingfisherImageProviderTests.swift */,
			);
			path = ImageProvider;
			sourceTree = "<group>";
		};
		606BA85326068B7A0063250A /* Implementation */ = {
			isa = PBXGroup;
			children = (
				60587DED260670AF00A41C2E /* KingfisherImageProvider.swift */,
			);
			path = Implementation;
			sourceTree = "<group>";
		};
		606BA85426068BC30063250A /* View */ = {
			isa = PBXGroup;
			children = (
				60213F76260D70690060091B /* Interface */,
				60213F77260D70710060091B /* Implementation */,
				606BA85626068C100063250A /* EventTableViewCell.xib */,
			);
			path = View;
			sourceTree = "<group>";
		};
		6097B9C52606906F00BDBE1C /* fonts */ = {
			isa = PBXGroup;
			children = (
				6097B9C72606908400BDBE1C /* SFCompactDisplay-Medium.otf */,
				6097B9C62606908400BDBE1C /* SFCompactDisplay-Regular.otf */,
			);
			path = fonts;
			sourceTree = "<group>";
		};
		609B96F72607749700E96AFF /* RoommatingEventProvider */ = {
			isa = PBXGroup;
			children = (
				60DE47BE2607FBB000FC3E5B /* Implementation */,
				60DE47B42607F59C00FC3E5B /* Interface */,
			);
			path = RoommatingEventProvider;
			sourceTree = "<group>";
		};
		60DE47B42607F59C00FC3E5B /* Interface */ = {
			isa = PBXGroup;
			children = (
				609B96F8260774C800E96AFF /* ISpeedRoommatingEventProvider.swift */,
			);
			path = Interface;
			sourceTree = "<group>";
		};
		60DE47B52607F62A00FC3E5B /* DataModel */ = {
			isa = PBXGroup;
			children = (
				609B96F72607749700E96AFF /* RoommatingEventProvider */,
				60213F6B260AC28C0060091B /* SpeedRoommatingEvent */,
			);
			path = DataModel;
			sourceTree = "<group>";
		};
		60DE47B82607F74B00FC3E5B /* Interface */ = {
			isa = PBXGroup;
			children = (
				60DE47B62607F63F00FC3E5B /* ISpeedRoommatingEvent.swift */,
			);
			path = Interface;
			sourceTree = "<group>";
		};
		60DE47B92607F75800FC3E5B /* Implementation */ = {
			isa = PBXGroup;
			children = (
				60DE47BA2607F75F00FC3E5B /* SpeedRoommatingEvent.swift */,
			);
			path = Implementation;
			sourceTree = "<group>";
		};
		60DE47BE2607FBB000FC3E5B /* Implementation */ = {
			isa = PBXGroup;
			children = (
				60DE47BF2607FBBF00FC3E5B /* RoommatingEventProvider.swift */,
			);
			path = Implementation;
			sourceTree = "<group>";
		};
		60E0FC0E26069D110022F25C /* ViewController */ = {
			isa = PBXGroup;
			children = (
				6027E0E12603E6C5008FE8A4 /* EventListsViewController.swift */,
				60E0FC0F26069D380022F25C /* EventListTableViewController.swift */,
				6047C9D9260F990E0026E610 /* OptionsViewController.swift */,
			);
			path = ViewController;
			sourceTree = "<group>";
		};
/* End PBXGroup section */

/* Begin PBXNativeTarget section */
		6027E0D92603E6C5008FE8A4 /* SpeedRoommating */ = {
			isa = PBXNativeTarget;
			buildConfigurationList = 6027E1042603E6C8008FE8A4 /* Build configuration list for PBXNativeTarget "SpeedRoommating" */;
			buildPhases = (
				6027E0D62603E6C5008FE8A4 /* Sources */,
				6027E0D72603E6C5008FE8A4 /* Frameworks */,
				6027E0D82603E6C5008FE8A4 /* Resources */,
			);
			buildRules = (
			);
			dependencies = (
			);
			name = SpeedRoommating;
			packageProductDependencies = (
				60587DEA26066F9B00A41C2E /* Kingfisher */,
				60DE47BC2607FB8000FC3E5B /* SpeedRoommatingEventRepository */,
				60213F48260A2C960060091B /* ImgixSwift */,
			);
			productName = SpeedRoommating;
			productReference = 6027E0DA2603E6C5008FE8A4 /* SpeedRoommating.app */;
			productType = "com.apple.product-type.application";
		};
		6027E0EF2603E6C8008FE8A4 /* SpeedRoommatingTests */ = {
			isa = PBXNativeTarget;
			buildConfigurationList = 6027E1072603E6C8008FE8A4 /* Build configuration list for PBXNativeTarget "SpeedRoommatingTests" */;
			buildPhases = (
				6027E0EC2603E6C8008FE8A4 /* Sources */,
				6027E0ED2603E6C8008FE8A4 /* Frameworks */,
				6027E0EE2603E6C8008FE8A4 /* Resources */,
			);
			buildRules = (
			);
			dependencies = (
				6027E0F22603E6C8008FE8A4 /* PBXTargetDependency */,
			);
			name = SpeedRoommatingTests;
			productName = SpeedRoommatingTests;
			productReference = 6027E0F02603E6C8008FE8A4 /* SpeedRoommatingTests.xctest */;
			productType = "com.apple.product-type.bundle.unit-test";
		};
		6027E0FA2603E6C8008FE8A4 /* SpeedRoommatingUITests */ = {
			isa = PBXNativeTarget;
			buildConfigurationList = 6027E10A2603E6C8008FE8A4 /* Build configuration list for PBXNativeTarget "SpeedRoommatingUITests" */;
			buildPhases = (
				6027E0F72603E6C8008FE8A4 /* Sources */,
				6027E0F82603E6C8008FE8A4 /* Frameworks */,
				6027E0F92603E6C8008FE8A4 /* Resources */,
			);
			buildRules = (
			);
			dependencies = (
				6027E0FD2603E6C8008FE8A4 /* PBXTargetDependency */,
			);
			name = SpeedRoommatingUITests;
			productName = SpeedRoommatingUITests;
			productReference = 6027E0FB2603E6C8008FE8A4 /* SpeedRoommatingUITests.xctest */;
			productType = "com.apple.product-type.bundle.ui-testing";
		};
/* End PBXNativeTarget section */

/* Begin PBXProject section */
		6027E0D22603E6C5008FE8A4 /* Project object */ = {
			isa = PBXProject;
			attributes = {
				LastSwiftUpdateCheck = 1130;
				LastUpgradeCheck = 1130;
				ORGANIZATIONNAME = "Thomas Lee";
				TargetAttributes = {
					6027E0D92603E6C5008FE8A4 = {
						CreatedOnToolsVersion = 11.3.1;
					};
					6027E0EF2603E6C8008FE8A4 = {
						CreatedOnToolsVersion = 11.3.1;
						TestTargetID = 6027E0D92603E6C5008FE8A4;
					};
					6027E0FA2603E6C8008FE8A4 = {
						CreatedOnToolsVersion = 11.3.1;
						TestTargetID = 6027E0D92603E6C5008FE8A4;
					};
				};
			};
			buildConfigurationList = 6027E0D52603E6C5008FE8A4 /* Build configuration list for PBXProject "SpeedRoommating" */;
			compatibilityVersion = "Xcode 9.3";
			developmentRegion = en;
			hasScannedForEncodings = 0;
			knownRegions = (
				en,
				Base,
			);
			mainGroup = 6027E0D12603E6C5008FE8A4;
			packageReferences = (
				60587DE926066F9B00A41C2E /* XCRemoteSwiftPackageReference "Kingfisher" */,
				60DE47BB2607FB8000FC3E5B /* XCRemoteSwiftPackageReference "SpareRoomEventRepository" */,
				60213F47260A2C960060091B /* XCRemoteSwiftPackageReference "imgix-swift" */,
			);
			productRefGroup = 6027E0DB2603E6C5008FE8A4 /* Products */;
			projectDirPath = "";
			projectRoot = "";
			targets = (
				6027E0D92603E6C5008FE8A4 /* SpeedRoommating */,
				6027E0EF2603E6C8008FE8A4 /* SpeedRoommatingTests */,
				6027E0FA2603E6C8008FE8A4 /* SpeedRoommatingUITests */,
			);
		};
/* End PBXProject section */

/* Begin PBXResourcesBuildPhase section */
		6027E0D82603E6C5008FE8A4 /* Resources */ = {
			isa = PBXResourcesBuildPhase;
			buildActionMask = 2147483647;
			files = (
				6027E0EA2603E6C7008FE8A4 /* LaunchScreen.storyboard in Resources */,
				6027E0E72603E6C7008FE8A4 /* Assets.xcassets in Resources */,
				6027E0E52603E6C5008FE8A4 /* Main.storyboard in Resources */,
				606BA85726068C100063250A /* EventTableViewCell.xib in Resources */,
			);
			runOnlyForDeploymentPostprocessing = 0;
		};
		6027E0EE2603E6C8008FE8A4 /* Resources */ = {
			isa = PBXResourcesBuildPhase;
			buildActionMask = 2147483647;
			files = (
			);
			runOnlyForDeploymentPostprocessing = 0;
		};
		6027E0F92603E6C8008FE8A4 /* Resources */ = {
			isa = PBXResourcesBuildPhase;
			buildActionMask = 2147483647;
			files = (
			);
			runOnlyForDeploymentPostprocessing = 0;
		};
/* End PBXResourcesBuildPhase section */

/* Begin PBXSourcesBuildPhase section */
		6027E0D62603E6C5008FE8A4 /* Sources */ = {
			isa = PBXSourcesBuildPhase;
			buildActionMask = 2147483647;
			files = (
				60213F7B260D861E0060091B /* IEventTableHeaderView.swift in Sources */,
				60DE47C02607FBBF00FC3E5B /* RoommatingEventProvider.swift in Sources */,
				60587DF12606734400A41C2E /* IImageProvider.swift in Sources */,
				60E0FC0D260695B60022F25C /* TransluscentRoundedLabel.swift in Sources */,
				60213F58260A96E30060091B /* ImgxUrlProvider.swift in Sources */,
				60213F7D260D86730060091B /* EventTableHeaderView.swift in Sources */,
				60213F6A260ABDA70060091B /* IEventTableDataSource.swift in Sources */,
				603F09FD260F587700CB6E7E /* IEventTableViewErrorCell.swift in Sources */,
				60213F5A260A98250060091B /* Config.swift in Sources */,
				60E0FC1026069D380022F25C /* EventListTableViewController.swift in Sources */,
				606BA85926068CAE0063250A /* EventTableViewCell.swift in Sources */,
				60213F46260A1CA00060091B /* SpeedRoommatingEvent.swift in Sources */,
				603F09FF260F59A100CB6E7E /* EventTableViewErrorCell.swift in Sources */,
				60213F50260A92C40060091B /* ViewableEvent.swift in Sources */,
				60DE47B72607F63F00FC3E5B /* ISpeedRoommatingEvent.swift in Sources */,
				609B96F9260774C800E96AFF /* ISpeedRoommatingEventProvider.swift in Sources */,
				60213F66260AB9AF0060091B /* EventTableViewDataSource.swift in Sources */,
				60213F79260D709A0060091B /* IEventTableViewCell.swift in Sources */,
				6027E0DE2603E6C5008FE8A4 /* AppDelegate.swift in Sources */,
				60213F55260A966F0060091B /* ICdnUrlProvider.swift in Sources */,
				604D16AB260E77BB00C5406A /* SpeedRoommatingTabView.swift in Sources */,
				6047C9DA260F990E0026E610 /* OptionsViewController.swift in Sources */,
				60587DEE260670AF00A41C2E /* KingfisherImageProvider.swift in Sources */,
				60213F4C260A864E0060091B /* IViewableEvent.swift in Sources */,
				6027E0E02603E6C5008FE8A4 /* SceneDelegate.swift in Sources */,
				603F0A00260F8FA100CB6E7E /* EventListsViewController.swift in Sources */,
			);
			runOnlyForDeploymentPostprocessing = 0;
		};
		6027E0EC2603E6C8008FE8A4 /* Sources */ = {
			isa = PBXSourcesBuildPhase;
			buildActionMask = 2147483647;
			files = (
				60213F73260D65B60060091B /* MockImageProviderTests.swift in Sources */,
				60213F70260D61580060091B /* MockSpeedRoommatingEventProvider.swift in Sources */,
				60213F60260AA8050060091B /* ViewableEventTests.swift in Sources */,
				60587DF426067B0400A41C2E /* KingfisherImageProviderTests.swift in Sources */,
				60213F6E260AC3420060091B /* EventTableDataSourceTests.swift in Sources */,
				6027E0F52603E6C8008FE8A4 /* SpeedRoommatingTests.swift in Sources */,
			);
			runOnlyForDeploymentPostprocessing = 0;
		};
		6027E0F72603E6C8008FE8A4 /* Sources */ = {
			isa = PBXSourcesBuildPhase;
			buildActionMask = 2147483647;
			files = (
				6027E1002603E6C8008FE8A4 /* SpeedRoommatingUITests.swift in Sources */,
			);
			runOnlyForDeploymentPostprocessing = 0;
		};
/* End PBXSourcesBuildPhase section */

/* Begin PBXTargetDependency section */
		6027E0F22603E6C8008FE8A4 /* PBXTargetDependency */ = {
			isa = PBXTargetDependency;
			target = 6027E0D92603E6C5008FE8A4 /* SpeedRoommating */;
			targetProxy = 6027E0F12603E6C8008FE8A4 /* PBXContainerItemProxy */;
		};
		6027E0FD2603E6C8008FE8A4 /* PBXTargetDependency */ = {
			isa = PBXTargetDependency;
			target = 6027E0D92603E6C5008FE8A4 /* SpeedRoommating */;
			targetProxy = 6027E0FC2603E6C8008FE8A4 /* PBXContainerItemProxy */;
		};
/* End PBXTargetDependency section */

/* Begin PBXVariantGroup section */
		6027E0E32603E6C5008FE8A4 /* Main.storyboard */ = {
			isa = PBXVariantGroup;
			children = (
				6027E0E42603E6C5008FE8A4 /* Base */,
			);
			name = Main.storyboard;
			sourceTree = "<group>";
		};
		6027E0E82603E6C7008FE8A4 /* LaunchScreen.storyboard */ = {
			isa = PBXVariantGroup;
			children = (
				6027E0E92603E6C7008FE8A4 /* Base */,
			);
			name = LaunchScreen.storyboard;
			sourceTree = "<group>";
		};
/* End PBXVariantGroup section */

/* Begin XCBuildConfiguration section */
		6027E1022603E6C8008FE8A4 /* Debug */ = {
			isa = XCBuildConfiguration;
			buildSettings = {
				ALWAYS_SEARCH_USER_PATHS = NO;
				CLANG_ANALYZER_NONNULL = YES;
				CLANG_ANALYZER_NUMBER_OBJECT_CONVERSION = YES_AGGRESSIVE;
				CLANG_CXX_LANGUAGE_STANDARD = "gnu++14";
				CLANG_CXX_LIBRARY = "libc++";
				CLANG_ENABLE_MODULES = YES;
				CLANG_ENABLE_OBJC_ARC = YES;
				CLANG_ENABLE_OBJC_WEAK = YES;
				CLANG_WARN_BLOCK_CAPTURE_AUTORELEASING = YES;
				CLANG_WARN_BOOL_CONVERSION = YES;
				CLANG_WARN_COMMA = YES;
				CLANG_WARN_CONSTANT_CONVERSION = YES;
				CLANG_WARN_DEPRECATED_OBJC_IMPLEMENTATIONS = YES;
				CLANG_WARN_DIRECT_OBJC_ISA_USAGE = YES_ERROR;
				CLANG_WARN_DOCUMENTATION_COMMENTS = YES;
				CLANG_WARN_EMPTY_BODY = YES;
				CLANG_WARN_ENUM_CONVERSION = YES;
				CLANG_WARN_INFINITE_RECURSION = YES;
				CLANG_WARN_INT_CONVERSION = YES;
				CLANG_WARN_NON_LITERAL_NULL_CONVERSION = YES;
				CLANG_WARN_OBJC_IMPLICIT_RETAIN_SELF = YES;
				CLANG_WARN_OBJC_LITERAL_CONVERSION = YES;
				CLANG_WARN_OBJC_ROOT_CLASS = YES_ERROR;
				CLANG_WARN_RANGE_LOOP_ANALYSIS = YES;
				CLANG_WARN_STRICT_PROTOTYPES = YES;
				CLANG_WARN_SUSPICIOUS_MOVE = YES;
				CLANG_WARN_UNGUARDED_AVAILABILITY = YES_AGGRESSIVE;
				CLANG_WARN_UNREACHABLE_CODE = YES;
				CLANG_WARN__DUPLICATE_METHOD_MATCH = YES;
				COPY_PHASE_STRIP = NO;
				DEBUG_INFORMATION_FORMAT = dwarf;
				ENABLE_STRICT_OBJC_MSGSEND = YES;
				ENABLE_TESTABILITY = YES;
				GCC_C_LANGUAGE_STANDARD = gnu11;
				GCC_DYNAMIC_NO_PIC = NO;
				GCC_NO_COMMON_BLOCKS = YES;
				GCC_OPTIMIZATION_LEVEL = 0;
				GCC_PREPROCESSOR_DEFINITIONS = (
					"DEBUG=1",
					"$(inherited)",
				);
				GCC_WARN_64_TO_32_BIT_CONVERSION = YES;
				GCC_WARN_ABOUT_RETURN_TYPE = YES_ERROR;
				GCC_WARN_UNDECLARED_SELECTOR = YES;
				GCC_WARN_UNINITIALIZED_AUTOS = YES_AGGRESSIVE;
				GCC_WARN_UNUSED_FUNCTION = YES;
				GCC_WARN_UNUSED_VARIABLE = YES;
				IPHONEOS_DEPLOYMENT_TARGET = 13.2;
				MTL_ENABLE_DEBUG_INFO = INCLUDE_SOURCE;
				MTL_FAST_MATH = YES;
				ONLY_ACTIVE_ARCH = YES;
				SDKROOT = iphoneos;
				SWIFT_ACTIVE_COMPILATION_CONDITIONS = DEBUG;
				SWIFT_OPTIMIZATION_LEVEL = "-Onone";
			};
			name = Debug;
		};
		6027E1032603E6C8008FE8A4 /* Release */ = {
			isa = XCBuildConfiguration;
			buildSettings = {
				ALWAYS_SEARCH_USER_PATHS = NO;
				CLANG_ANALYZER_NONNULL = YES;
				CLANG_ANALYZER_NUMBER_OBJECT_CONVERSION = YES_AGGRESSIVE;
				CLANG_CXX_LANGUAGE_STANDARD = "gnu++14";
				CLANG_CXX_LIBRARY = "libc++";
				CLANG_ENABLE_MODULES = YES;
				CLANG_ENABLE_OBJC_ARC = YES;
				CLANG_ENABLE_OBJC_WEAK = YES;
				CLANG_WARN_BLOCK_CAPTURE_AUTORELEASING = YES;
				CLANG_WARN_BOOL_CONVERSION = YES;
				CLANG_WARN_COMMA = YES;
				CLANG_WARN_CONSTANT_CONVERSION = YES;
				CLANG_WARN_DEPRECATED_OBJC_IMPLEMENTATIONS = YES;
				CLANG_WARN_DIRECT_OBJC_ISA_USAGE = YES_ERROR;
				CLANG_WARN_DOCUMENTATION_COMMENTS = YES;
				CLANG_WARN_EMPTY_BODY = YES;
				CLANG_WARN_ENUM_CONVERSION = YES;
				CLANG_WARN_INFINITE_RECURSION = YES;
				CLANG_WARN_INT_CONVERSION = YES;
				CLANG_WARN_NON_LITERAL_NULL_CONVERSION = YES;
				CLANG_WARN_OBJC_IMPLICIT_RETAIN_SELF = YES;
				CLANG_WARN_OBJC_LITERAL_CONVERSION = YES;
				CLANG_WARN_OBJC_ROOT_CLASS = YES_ERROR;
				CLANG_WARN_RANGE_LOOP_ANALYSIS = YES;
				CLANG_WARN_STRICT_PROTOTYPES = YES;
				CLANG_WARN_SUSPICIOUS_MOVE = YES;
				CLANG_WARN_UNGUARDED_AVAILABILITY = YES_AGGRESSIVE;
				CLANG_WARN_UNREACHABLE_CODE = YES;
				CLANG_WARN__DUPLICATE_METHOD_MATCH = YES;
				COPY_PHASE_STRIP = NO;
				DEBUG_INFORMATION_FORMAT = "dwarf-with-dsym";
				ENABLE_NS_ASSERTIONS = NO;
				ENABLE_STRICT_OBJC_MSGSEND = YES;
				GCC_C_LANGUAGE_STANDARD = gnu11;
				GCC_NO_COMMON_BLOCKS = YES;
				GCC_WARN_64_TO_32_BIT_CONVERSION = YES;
				GCC_WARN_ABOUT_RETURN_TYPE = YES_ERROR;
				GCC_WARN_UNDECLARED_SELECTOR = YES;
				GCC_WARN_UNINITIALIZED_AUTOS = YES_AGGRESSIVE;
				GCC_WARN_UNUSED_FUNCTION = YES;
				GCC_WARN_UNUSED_VARIABLE = YES;
				IPHONEOS_DEPLOYMENT_TARGET = 13.2;
				MTL_ENABLE_DEBUG_INFO = NO;
				MTL_FAST_MATH = YES;
				SDKROOT = iphoneos;
				SWIFT_COMPILATION_MODE = wholemodule;
				SWIFT_OPTIMIZATION_LEVEL = "-O";
				VALIDATE_PRODUCT = YES;
			};
			name = Release;
		};
		6027E1052603E6C8008FE8A4 /* Debug */ = {
			isa = XCBuildConfiguration;
			buildSettings = {
				ASSETCATALOG_COMPILER_APPICON_NAME = AppIcon;
				CODE_SIGN_STYLE = Automatic;
				DEVELOPMENT_TEAM = KRJ5CMXKT5;
				INFOPLIST_FILE = SpeedRoommating/Info.plist;
				LD_RUNPATH_SEARCH_PATHS = (
					"$(inherited)",
					"@executable_path/Frameworks",
				);
				PRODUCT_BUNDLE_IDENTIFIER = voidstarone.SpeedRoommating;
				PRODUCT_NAME = "$(TARGET_NAME)";
				SWIFT_VERSION = 5.0;
				TARGETED_DEVICE_FAMILY = "1,2";
			};
			name = Debug;
		};
		6027E1062603E6C8008FE8A4 /* Release */ = {
			isa = XCBuildConfiguration;
			buildSettings = {
				ASSETCATALOG_COMPILER_APPICON_NAME = AppIcon;
				CODE_SIGN_STYLE = Automatic;
				DEVELOPMENT_TEAM = KRJ5CMXKT5;
				INFOPLIST_FILE = SpeedRoommating/Info.plist;
				LD_RUNPATH_SEARCH_PATHS = (
					"$(inherited)",
					"@executable_path/Frameworks",
				);
				PRODUCT_BUNDLE_IDENTIFIER = voidstarone.SpeedRoommating;
				PRODUCT_NAME = "$(TARGET_NAME)";
				SWIFT_VERSION = 5.0;
				TARGETED_DEVICE_FAMILY = "1,2";
			};
			name = Release;
		};
		6027E1082603E6C8008FE8A4 /* Debug */ = {
			isa = XCBuildConfiguration;
			buildSettings = {
				ALWAYS_EMBED_SWIFT_STANDARD_LIBRARIES = YES;
				BUNDLE_LOADER = "$(TEST_HOST)";
				CODE_SIGN_STYLE = Automatic;
				DEVELOPMENT_TEAM = KRJ5CMXKT5;
				INFOPLIST_FILE = SpeedRoommatingTests/Info.plist;
				IPHONEOS_DEPLOYMENT_TARGET = 13.2;
				LD_RUNPATH_SEARCH_PATHS = (
					"$(inherited)",
					"@executable_path/Frameworks",
					"@loader_path/Frameworks",
				);
				PRODUCT_BUNDLE_IDENTIFIER = voidstarone.SpeedRoommatingTests;
				PRODUCT_NAME = "$(TARGET_NAME)";
				SWIFT_VERSION = 5.0;
				TARGETED_DEVICE_FAMILY = "1,2";
				TEST_HOST = "$(BUILT_PRODUCTS_DIR)/SpeedRoommating.app/SpeedRoommating";
			};
			name = Debug;
		};
		6027E1092603E6C8008FE8A4 /* Release */ = {
			isa = XCBuildConfiguration;
			buildSettings = {
				ALWAYS_EMBED_SWIFT_STANDARD_LIBRARIES = YES;
				BUNDLE_LOADER = "$(TEST_HOST)";
				CODE_SIGN_STYLE = Automatic;
				DEVELOPMENT_TEAM = KRJ5CMXKT5;
				INFOPLIST_FILE = SpeedRoommatingTests/Info.plist;
				IPHONEOS_DEPLOYMENT_TARGET = 13.2;
				LD_RUNPATH_SEARCH_PATHS = (
					"$(inherited)",
					"@executable_path/Frameworks",
					"@loader_path/Frameworks",
				);
				PRODUCT_BUNDLE_IDENTIFIER = voidstarone.SpeedRoommatingTests;
				PRODUCT_NAME = "$(TARGET_NAME)";
				SWIFT_VERSION = 5.0;
				TARGETED_DEVICE_FAMILY = "1,2";
				TEST_HOST = "$(BUILT_PRODUCTS_DIR)/SpeedRoommating.app/SpeedRoommating";
			};
			name = Release;
		};
		6027E10B2603E6C8008FE8A4 /* Debug */ = {
			isa = XCBuildConfiguration;
			buildSettings = {
				ALWAYS_EMBED_SWIFT_STANDARD_LIBRARIES = YES;
				CODE_SIGN_STYLE = Automatic;
				DEVELOPMENT_TEAM = KRJ5CMXKT5;
				INFOPLIST_FILE = SpeedRoommatingUITests/Info.plist;
				LD_RUNPATH_SEARCH_PATHS = (
					"$(inherited)",
					"@executable_path/Frameworks",
					"@loader_path/Frameworks",
				);
				PRODUCT_BUNDLE_IDENTIFIER = voidstarone.SpeedRoommatingUITests;
				PRODUCT_NAME = "$(TARGET_NAME)";
				SWIFT_VERSION = 5.0;
				TARGETED_DEVICE_FAMILY = "1,2";
				TEST_TARGET_NAME = SpeedRoommating;
			};
			name = Debug;
		};
		6027E10C2603E6C8008FE8A4 /* Release */ = {
			isa = XCBuildConfiguration;
			buildSettings = {
				ALWAYS_EMBED_SWIFT_STANDARD_LIBRARIES = YES;
				CODE_SIGN_STYLE = Automatic;
				DEVELOPMENT_TEAM = KRJ5CMXKT5;
				INFOPLIST_FILE = SpeedRoommatingUITests/Info.plist;
				LD_RUNPATH_SEARCH_PATHS = (
					"$(inherited)",
					"@executable_path/Frameworks",
					"@loader_path/Frameworks",
				);
				PRODUCT_BUNDLE_IDENTIFIER = voidstarone.SpeedRoommatingUITests;
				PRODUCT_NAME = "$(TARGET_NAME)";
				SWIFT_VERSION = 5.0;
				TARGETED_DEVICE_FAMILY = "1,2";
				TEST_TARGET_NAME = SpeedRoommating;
			};
			name = Release;
		};
/* End XCBuildConfiguration section */

/* Begin XCConfigurationList section */
		6027E0D52603E6C5008FE8A4 /* Build configuration list for PBXProject "SpeedRoommating" */ = {
			isa = XCConfigurationList;
			buildConfigurations = (
				6027E1022603E6C8008FE8A4 /* Debug */,
				6027E1032603E6C8008FE8A4 /* Release */,
			);
			defaultConfigurationIsVisible = 0;
			defaultConfigurationName = Release;
		};
		6027E1042603E6C8008FE8A4 /* Build configuration list for PBXNativeTarget "SpeedRoommating" */ = {
			isa = XCConfigurationList;
			buildConfigurations = (
				6027E1052603E6C8008FE8A4 /* Debug */,
				6027E1062603E6C8008FE8A4 /* Release */,
			);
			defaultConfigurationIsVisible = 0;
			defaultConfigurationName = Release;
		};
		6027E1072603E6C8008FE8A4 /* Build configuration list for PBXNativeTarget "SpeedRoommatingTests" */ = {
			isa = XCConfigurationList;
			buildConfigurations = (
				6027E1082603E6C8008FE8A4 /* Debug */,
				6027E1092603E6C8008FE8A4 /* Release */,
			);
			defaultConfigurationIsVisible = 0;
			defaultConfigurationName = Release;
		};
		6027E10A2603E6C8008FE8A4 /* Build configuration list for PBXNativeTarget "SpeedRoommatingUITests" */ = {
			isa = XCConfigurationList;
			buildConfigurations = (
				6027E10B2603E6C8008FE8A4 /* Debug */,
				6027E10C2603E6C8008FE8A4 /* Release */,
			);
			defaultConfigurationIsVisible = 0;
			defaultConfigurationName = Release;
		};
/* End XCConfigurationList section */

/* Begin XCRemoteSwiftPackageReference section */
		60213F47260A2C960060091B /* XCRemoteSwiftPackageReference "imgix-swift" */ = {
			isa = XCRemoteSwiftPackageReference;
			repositoryURL = "https://github.com/imgix/imgix-swift.git";
			requirement = {
				kind = upToNextMajorVersion;
				minimumVersion = 1.1.2;
			};
		};
		60587DE926066F9B00A41C2E /* XCRemoteSwiftPackageReference "Kingfisher" */ = {
			isa = XCRemoteSwiftPackageReference;
			repositoryURL = "https://github.com/onevcat/Kingfisher.git";
			requirement = {
				kind = upToNextMajorVersion;
				minimumVersion = 5.0.0;
			};
		};
		60DE47BB2607FB8000FC3E5B /* XCRemoteSwiftPackageReference "SpareRoomEventRepository" */ = {
			isa = XCRemoteSwiftPackageReference;
			repositoryURL = "https://github.com/voidstarone/SpareRoomEventRepository.git";
			requirement = {
				kind = upToNextMajorVersion;
				minimumVersion = 0.3.4;
			};
		};
/* End XCRemoteSwiftPackageReference section */

/* Begin XCSwiftPackageProductDependency section */
		60213F48260A2C960060091B /* ImgixSwift */ = {
			isa = XCSwiftPackageProductDependency;
			package = 60213F47260A2C960060091B /* XCRemoteSwiftPackageReference "imgix-swift" */;
			productName = ImgixSwift;
		};
		60587DEA26066F9B00A41C2E /* Kingfisher */ = {
			isa = XCSwiftPackageProductDependency;
			package = 60587DE926066F9B00A41C2E /* XCRemoteSwiftPackageReference "Kingfisher" */;
			productName = Kingfisher;
		};
		60DE47BC2607FB8000FC3E5B /* SpeedRoommatingEventRepository */ = {
			isa = XCSwiftPackageProductDependency;
			package = 60DE47BB2607FB8000FC3E5B /* XCRemoteSwiftPackageReference "SpareRoomEventRepository" */;
			productName = SpeedRoommatingEventRepository;
		};
/* End XCSwiftPackageProductDependency section */
	};
	rootObject = 6027E0D22603E6C5008FE8A4 /* Project object */;
}
