{
  "object": {
    "pins": [
      {
        "package": "ImgixSwift",
        "repositoryURL": "https://github.com/imgix/imgix-swift.git",
        "state": {
          "branch": null,
          "revision": "427ca0e6b90345069e93f9f28a712f899696b909",
          "version": "1.1.2"
        }
      },
      {
        "package": "Kingfisher",
        "repositoryURL": "https://github.com/onevcat/Kingfisher.git",
        "state": {
          "branch": null,
          "revision": "2a10bf41da75599a9f8e872dbd44fe0155a2e00c",
          "version": "5.15.8"
        }
      },
      {
        "package": "SpeedRoommatingEventRepository",
        "repositoryURL": "https://github.com/voidstarone/SpareRoomEventRepository.git",
        "state": {
          "branch": null,
          "revision": "4f525d95bb2ee9b503ba64ec9b7b383a711e0a6f",
          "version": "0.4.0"
        }
      }
    ]
  },
  "version": 1
}
